{"version":4,"terraform_version":"1.8.2","serial":1,"lineage":"83660718-e360-1978-385a-167591d7055d","outputs":{"id":{"value":"Y2FpOGV1Mkk","type":"string"}},"resources":[{"mode":"managed","type":"random_id","name":"test_id","provider":"provider[\"registry.opentofu.org/hashicorp/random\"]","instances":[{"schema_version":0,"attributes":{"b64_std":"Y2FpOGV1Mkk=","b64_url":"Y2FpOGV1Mkk","byte_length":8,"dec":"7161120573437063753","hex":"6361693865753249","id":"Y2FpOGV1Mkk","keepers":null,"prefix":null},"sensitive_attributes":[]}]}],"check_results":null}
